
Microsoft Visual Studio Solution File, Format Version 12.00
# Visual Studio Version 17
VisualStudioVersion = 17.11.35431.28
MinimumVisualStudioVersion = 10.0.40219.1
Project("{FAE04EC0-301F-11D3-BF4B-00C04F79EFBC}") = "AdventOfCode2024", "AdventOfCode2024\AdventOfCode2024.csproj", "{C022D34F-0EE7-4788-BED4-70C0CD789078}"
EndProject
Global
	GlobalSection(SolutionConfigurationPlatforms) = preSolution
		Debug|Any CPU = Debug|Any CPU
		Release|Any CPU = Release|Any CPU
	EndGlobalSection
	GlobalSection(ProjectConfigurationPlatforms) = postSolution
		{C022D34F-0EE7-4788-BED4-70C0CD789078}.Debug|Any CPU.ActiveCfg = Debug|Any CPU
		{C022D34F-0EE7-4788-BED4-70C0CD789078}.Debug|Any CPU.Build.0 = Debug|Any CPU
		{C022D34F-0EE7-4788-BED4-70C0CD789078}.Release|Any CPU.ActiveCfg = Release|Any CPU
		{C022D34F-0EE7-4788-BED4-70C0CD789078}.Release|Any CPU.Build.0 = Release|Any CPU
	EndGlobalSection
	GlobalSection(SolutionProperties) = preSolution
		HideSolutionNode = FALSE
	EndGlobalSection
	GlobalSection(ExtensibilityGlobals) = postSolution
		SolutionGuid = {5E2B492F-3104-43EB-8FA4-38EA46411CF6}
	EndGlobalSection
EndGlobal
